
Microsoft Visual Studio Solution File, Format Version 12.00
# Visual Studio Version 17
Project("{8BC9CEB8-8B4A-11D0-8D11-00A0C91BC942}") = "ALL_BUILD", "ALL_BUILD.vcxproj", "{3C464463-3552-3228-9722-CDDB0CC4B6BF}"
	ProjectSection(ProjectDependencies) = postProject
		{267FF84C-DC34-3B15-B005-B55B76AEC3A3} = {267FF84C-DC34-3B15-B005-B55B76AEC3A3}
		{D9670C5A-7AB2-33EF-A946-5B70916620C4} = {D9670C5A-7AB2-33EF-A946-5B70916620C4}
	EndProjectSection
EndProject
Project("{8BC9CEB8-8B4A-11D0-8D11-00A0C91BC942}") = "JamesDSP-GUI", "JamesDSP-GUI.vcxproj", "{267FF84C-DC34-3B15-B005-B55B76AEC3A3}"
	ProjectSection(ProjectDependencies) = postProject
		{D9670C5A-7AB2-33EF-A946-5B70916620C4} = {D9670C5A-7AB2-33EF-A946-5B70916620C4}
	EndProjectSection
EndProject
Project("{8BC9CEB8-8B4A-11D0-8D11-00A0C91BC942}") = "ZERO_CHECK", "ZERO_CHECK.vcxproj", "{D9670C5A-7AB2-33EF-A946-5B70916620C4}"
	ProjectSection(ProjectDependencies) = postProject
	EndProjectSection
EndProject
Global
	GlobalSection(SolutionConfigurationPlatforms) = preSolution
		Debug|x64 = Debug|x64
		Release|x64 = Release|x64
		MinSizeRel|x64 = MinSizeRel|x64
		RelWithDebInfo|x64 = RelWithDebInfo|x64
	EndGlobalSection
	GlobalSection(ProjectConfigurationPlatforms) = postSolution
		{3C464463-3552-3228-9722-CDDB0CC4B6BF}.Debug|x64.ActiveCfg = Debug|x64
		{3C464463-3552-3228-9722-CDDB0CC4B6BF}.Release|x64.ActiveCfg = Release|x64
		{3C464463-3552-3228-9722-CDDB0CC4B6BF}.MinSizeRel|x64.ActiveCfg = MinSizeRel|x64
		{3C464463-3552-3228-9722-CDDB0CC4B6BF}.RelWithDebInfo|x64.ActiveCfg = RelWithDebInfo|x64
		{267FF84C-DC34-3B15-B005-B55B76AEC3A3}.Debug|x64.ActiveCfg = Debug|x64
		{267FF84C-DC34-3B15-B005-B55B76AEC3A3}.Debug|x64.Build.0 = Debug|x64
		{267FF84C-DC34-3B15-B005-B55B76AEC3A3}.Release|x64.ActiveCfg = Release|x64
		{267FF84C-DC34-3B15-B005-B55B76AEC3A3}.Release|x64.Build.0 = Release|x64
		{267FF84C-DC34-3B15-B005-B55B76AEC3A3}.MinSizeRel|x64.ActiveCfg = MinSizeRel|x64
		{267FF84C-DC34-3B15-B005-B55B76AEC3A3}.MinSizeRel|x64.Build.0 = MinSizeRel|x64
		{267FF84C-DC34-3B15-B005-B55B76AEC3A3}.RelWithDebInfo|x64.ActiveCfg = RelWithDebInfo|x64
		{267FF84C-DC34-3B15-B005-B55B76AEC3A3}.RelWithDebInfo|x64.Build.0 = RelWithDebInfo|x64
		{D9670C5A-7AB2-33EF-A946-5B70916620C4}.Debug|x64.ActiveCfg = Debug|x64
		{D9670C5A-7AB2-33EF-A946-5B70916620C4}.Debug|x64.Build.0 = Debug|x64
		{D9670C5A-7AB2-33EF-A946-5B70916620C4}.Release|x64.ActiveCfg = Release|x64
		{D9670C5A-7AB2-33EF-A946-5B70916620C4}.Release|x64.Build.0 = Release|x64
		{D9670C5A-7AB2-33EF-A946-5B70916620C4}.MinSizeRel|x64.ActiveCfg = MinSizeRel|x64
		{D9670C5A-7AB2-33EF-A946-5B70916620C4}.MinSizeRel|x64.Build.0 = MinSizeRel|x64
		{D9670C5A-7AB2-33EF-A946-5B70916620C4}.RelWithDebInfo|x64.ActiveCfg = RelWithDebInfo|x64
		{D9670C5A-7AB2-33EF-A946-5B70916620C4}.RelWithDebInfo|x64.Build.0 = RelWithDebInfo|x64
	EndGlobalSection
	GlobalSection(ExtensibilityGlobals) = postSolution
		SolutionGuid = {A4B653E9-C062-339C-B29E-FF3CED5CB1E3}
	EndGlobalSection
	GlobalSection(ExtensibilityAddIns) = postSolution
	EndGlobalSection
EndGlobal
