<?xml version="1.0" encoding="utf-8"?>
<Project ToolsVersion="17.0" xmlns="http://schemas.microsoft.com/developer/msbuild/2003">
  <ItemGroup>
    <ClCompile Include="C:\Users\gmaym\.gemini\antigravity\playground\silver-prominence\JamesDSP-Windows\build-gui\JamesDSP-GUI_autogen\mocs_compilation_Debug.cpp">
      <Filter>Source Files</Filter>
    </ClCompile>
    <ClCompile Include="C:\Users\gmaym\.gemini\antigravity\playground\silver-prominence\JamesDSP-Windows\gui\main.cpp">
      <Filter>Source Files</Filter>
    </ClCompile>
    <ClCompile Include="C:\Users\gmaym\.gemini\antigravity\playground\silver-prominence\JamesDSP-Windows\gui\MainWindow.cpp">
      <Filter>Source Files</Filter>
    </ClCompile>
    <ClCompile Include="C:\Users\gmaym\.gemini\antigravity\playground\silver-prominence\JamesDSP-Windows\gui\DspController.cpp">
      <Filter>Source Files</Filter>
    </ClCompile>
    <ClCompile Include="C:\Users\gmaym\.gemini\antigravity\playground\silver-prominence\JamesDSP-Windows\gui\AudioService.cpp">
      <Filter>Source Files</Filter>
    </ClCompile>
    <ClCompile Include="C:\Users\gmaym\.gemini\antigravity\playground\silver-prominence\JamesDSP-Windows\src\DspConfig.cpp">
      <Filter>Source Files</Filter>
    </ClCompile>
    <ClCompile Include="C:\Users\gmaym\.gemini\antigravity\playground\silver-prominence\JamesDSP-Windows\build-gui\JamesDSP-GUI_autogen\mocs_compilation_Release.cpp">
      <Filter>Source Files</Filter>
    </ClCompile>
    <ClCompile Include="C:\Users\gmaym\.gemini\antigravity\playground\silver-prominence\JamesDSP-Windows\build-gui\JamesDSP-GUI_autogen\mocs_compilation_MinSizeRel.cpp">
      <Filter>Source Files</Filter>
    </ClCompile>
    <ClCompile Include="C:\Users\gmaym\.gemini\antigravity\playground\silver-prominence\JamesDSP-Windows\build-gui\JamesDSP-GUI_autogen\mocs_compilation_RelWithDebInfo.cpp">
      <Filter>Source Files</Filter>
    </ClCompile>
  </ItemGroup>
  <ItemGroup>
    <ClInclude Include="C:\Users\gmaym\.gemini\antigravity\playground\silver-prominence\JamesDSP-Windows\gui\MainWindow.h">
      <Filter>Header Files</Filter>
    </ClInclude>
    <ClInclude Include="C:\Users\gmaym\.gemini\antigravity\playground\silver-prominence\JamesDSP-Windows\gui\widgets.h">
      <Filter>Header Files</Filter>
    </ClInclude>
    <ClInclude Include="C:\Users\gmaym\.gemini\antigravity\playground\silver-prominence\JamesDSP-Windows\gui\curve_widgets.h">
      <Filter>Header Files</Filter>
    </ClInclude>
    <ClInclude Include="C:\Users\gmaym\.gemini\antigravity\playground\silver-prominence\JamesDSP-Windows\gui\DspController.h">
      <Filter>Header Files</Filter>
    </ClInclude>
    <ClInclude Include="C:\Users\gmaym\.gemini\antigravity\playground\silver-prominence\JamesDSP-Windows\gui\AudioService.h">
      <Filter>Header Files</Filter>
    </ClInclude>
    <ClInclude Include="C:\Users\gmaym\.gemini\antigravity\playground\silver-prominence\JamesDSP-Windows\src\DspConfig.h">
      <Filter>Header Files</Filter>
    </ClInclude>
  </ItemGroup>
  <ItemGroup>
    <CustomBuild Include="C:\Users\gmaym\.gemini\antigravity\playground\silver-prominence\JamesDSP-Windows\CMakeLists.txt" />
  </ItemGroup>
  <ItemGroup>
    <Filter Include="Header Files">
      <UniqueIdentifier>{B91934A2-0D69-3E77-A6BE-8B13A033C436}</UniqueIdentifier>
    </Filter>
    <Filter Include="Source Files">
      <UniqueIdentifier>{49E97DA9-7334-373F-90D8-B5256C7691B9}</UniqueIdentifier>
    </Filter>
  </ItemGroup>
</Project>
